// !$*UTF8*$!
{
	archiveVersion = 1;
	classes = {
	};
	objectVersion = 46;
	objects = {

/* Begin PBXBuildFile section */
		0B32DC511AA5CD0800CE68AB /* UsersTableViewController.m in Sources */ = {isa = PBXBuildFile; fileRef = 0B32DC501AA5CD0800CE68AB /* UsersTableViewController.m */; };
		0B32DC551AA5D2E900CE68AB /* ConfigurationViewController.m in Sources */ = {isa = PBXBuildFile; fileRef = 0B32DC541AA5D2E900CE68AB /* ConfigurationViewController.m */; };
		0B32DC591AA5D41900CE68AB /* aleph.jpg in Resources */ = {isa = PBXBuildFile; fileRef = 0B32DC561AA5D41800CE68AB /* aleph.jpg */; };
		0B32DC5A1AA5D41900CE68AB /* caue.jpg in Resources */ = {isa = PBXBuildFile; fileRef = 0B32DC571AA5D41800CE68AB /* caue.jpg */; };
		0B32DC5B1AA5D41900CE68AB /* eduardo.jpg in Resources */ = {isa = PBXBuildFile; fileRef = 0B32DC581AA5D41800CE68AB /* eduardo.jpg */; };
		61EB2C2C1AA43B1A00ED5A1D /* main.m in Sources */ = {isa = PBXBuildFile; fileRef = 61EB2C2B1AA43B1A00ED5A1D /* main.m */; };
		61EB2C2F1AA43B1A00ED5A1D /* AppDelegate.m in Sources */ = {isa = PBXBuildFile; fileRef = 61EB2C2E1AA43B1A00ED5A1D /* AppDelegate.m */; };
		61EB2C351AA43B1A00ED5A1D /* Main.storyboard in Resources */ = {isa = PBXBuildFile; fileRef = 61EB2C331AA43B1A00ED5A1D /* Main.storyboard */; };
		61EB2C371AA43B1A00ED5A1D /* Images.xcassets in Resources */ = {isa = PBXBuildFile; fileRef = 61EB2C361AA43B1A00ED5A1D /* Images.xcassets */; };
		61EB2C3A1AA43B1A00ED5A1D /* LaunchScreen.xib in Resources */ = {isa = PBXBuildFile; fileRef = 61EB2C381AA43B1A00ED5A1D /* LaunchScreen.xib */; };
		61EB2C461AA43B1A00ED5A1D /* RendezvousTests.m in Sources */ = {isa = PBXBuildFile; fileRef = 61EB2C451AA43B1A00ED5A1D /* RendezvousTests.m */; };
		8637DF4B1AA60646004920F7 /* MapKit.framework in Frameworks */ = {isa = PBXBuildFile; fileRef = 8637DF4A1AA60646004920F7 /* MapKit.framework */; };
		8637DF4D1AA60650004920F7 /* CoreLocation.framework in Frameworks */ = {isa = PBXBuildFile; fileRef = 8637DF4C1AA60650004920F7 /* CoreLocation.framework */; };
/* End PBXBuildFile section */

/* Begin PBXContainerItemProxy section */
		61EB2C401AA43B1A00ED5A1D /* PBXContainerItemProxy */ = {
			isa = PBXContainerItemProxy;
			containerPortal = 61EB2C1E1AA43B1A00ED5A1D /* Project object */;
			proxyType = 1;
			remoteGlobalIDString = 61EB2C251AA43B1A00ED5A1D;
			remoteInfo = Rendezvous;
		};
/* End PBXContainerItemProxy section */

/* Begin PBXFileReference section */
		0B32DC4F1AA5CD0800CE68AB /* UsersTableViewController.h */ = {isa = PBXFileReference; fileEncoding = 4; lastKnownFileType = sourcecode.c.h; name = UsersTableViewController.h; path = ../UsersTableViewController.h; sourceTree = "<group>"; };
		0B32DC501AA5CD0800CE68AB /* UsersTableViewController.m */ = {isa = PBXFileReference; fileEncoding = 4; lastKnownFileType = sourcecode.c.objc; name = UsersTableViewController.m; path = ../UsersTableViewController.m; sourceTree = "<group>"; };
		0B32DC531AA5D2E900CE68AB /* ConfigurationViewController.h */ = {isa = PBXFileReference; fileEncoding = 4; lastKnownFileType = sourcecode.c.h; name = ConfigurationViewController.h; path = ../ConfigurationViewController.h; sourceTree = "<group>"; };
		0B32DC541AA5D2E900CE68AB /* ConfigurationViewController.m */ = {isa = PBXFileReference; fileEncoding = 4; lastKnownFileType = sourcecode.c.objc; name = ConfigurationViewController.m; path = ../ConfigurationViewController.m; sourceTree = "<group>"; };
		0B32DC561AA5D41800CE68AB /* aleph.jpg */ = {isa = PBXFileReference; lastKnownFileType = image.jpeg; path = aleph.jpg; sourceTree = "<group>"; };
		0B32DC571AA5D41800CE68AB /* caue.jpg */ = {isa = PBXFileReference; lastKnownFileType = image.jpeg; path = caue.jpg; sourceTree = "<group>"; };
		0B32DC581AA5D41800CE68AB /* eduardo.jpg */ = {isa = PBXFileReference; lastKnownFileType = image.jpeg; path = eduardo.jpg; sourceTree = "<group>"; };
		61EB2C261AA43B1A00ED5A1D /* Rendezvous.app */ = {isa = PBXFileReference; explicitFileType = wrapper.application; includeInIndex = 0; path = Rendezvous.app; sourceTree = BUILT_PRODUCTS_DIR; };
		61EB2C2A1AA43B1A00ED5A1D /* Info.plist */ = {isa = PBXFileReference; lastKnownFileType = text.plist.xml; path = Info.plist; sourceTree = "<group>"; };
		61EB2C2B1AA43B1A00ED5A1D /* main.m */ = {isa = PBXFileReference; lastKnownFileType = sourcecode.c.objc; path = main.m; sourceTree = "<group>"; };
		61EB2C2D1AA43B1A00ED5A1D /* AppDelegate.h */ = {isa = PBXFileReference; lastKnownFileType = sourcecode.c.h; path = AppDelegate.h; sourceTree = "<group>"; };
		61EB2C2E1AA43B1A00ED5A1D /* AppDelegate.m */ = {isa = PBXFileReference; lastKnownFileType = sourcecode.c.objc; path = AppDelegate.m; sourceTree = "<group>"; };
		61EB2C341AA43B1A00ED5A1D /* Base */ = {isa = PBXFileReference; lastKnownFileType = file.storyboard; name = Base; path = Base.lproj/Main.storyboard; sourceTree = "<group>"; };
		61EB2C361AA43B1A00ED5A1D /* Images.xcassets */ = {isa = PBXFileReference; lastKnownFileType = folder.assetcatalog; path = Images.xcassets; sourceTree = "<group>"; };
		61EB2C391AA43B1A00ED5A1D /* Base */ = {isa = PBXFileReference; lastKnownFileType = file.xib; name = Base; path = Base.lproj/LaunchScreen.xib; sourceTree = "<group>"; };
		61EB2C3F1AA43B1A00ED5A1D /* RendezvousTests.xctest */ = {isa = PBXFileReference; explicitFileType = wrapper.cfbundle; includeInIndex = 0; path = RendezvousTests.xctest; sourceTree = BUILT_PRODUCTS_DIR; };
		61EB2C441AA43B1A00ED5A1D /* Info.plist */ = {isa = PBXFileReference; lastKnownFileType = text.plist.xml; path = Info.plist; sourceTree = "<group>"; };
		61EB2C451AA43B1A00ED5A1D /* RendezvousTests.m */ = {isa = PBXFileReference; lastKnownFileType = sourcecode.c.objc; path = RendezvousTests.m; sourceTree = "<group>"; };
		8637DF4A1AA60646004920F7 /* MapKit.framework */ = {isa = PBXFileReference; lastKnownFileType = wrapper.framework; name = MapKit.framework; path = System/Library/Frameworks/MapKit.framework; sourceTree = SDKROOT; };
		8637DF4C1AA60650004920F7 /* CoreLocation.framework */ = {isa = PBXFileReference; lastKnownFileType = wrapper.framework; name = CoreLocation.framework; path = System/Library/Frameworks/CoreLocation.framework; sourceTree = SDKROOT; };
/* End PBXFileReference section */

/* Begin PBXFrameworksBuildPhase section */
		61EB2C231AA43B1A00ED5A1D /* Frameworks */ = {
			isa = PBXFrameworksBuildPhase;
			buildActionMask = 2147483647;
			files = (
				8637DF4D1AA60650004920F7 /* CoreLocation.framework in Frameworks */,
				8637DF4B1AA60646004920F7 /* MapKit.framework in Frameworks */,
			);
			runOnlyForDeploymentPostprocessing = 0;
		};
		61EB2C3C1AA43B1A00ED5A1D /* Frameworks */ = {
			isa = PBXFrameworksBuildPhase;
			buildActionMask = 2147483647;
			files = (
			);
			runOnlyForDeploymentPostprocessing = 0;
		};
/* End PBXFrameworksBuildPhase section */

/* Begin PBXGroup section */
		0B32DC521AA5CD2100CE68AB /* View */ = {
			isa = PBXGroup;
			children = (
				0B32DC4F1AA5CD0800CE68AB /* UsersTableViewController.h */,
				0B32DC501AA5CD0800CE68AB /* UsersTableViewController.m */,
				0B32DC531AA5D2E900CE68AB /* ConfigurationViewController.h */,
				0B32DC541AA5D2E900CE68AB /* ConfigurationViewController.m */,
			);
			name = View;
			sourceTree = "<group>";
		};
		0B32DC5C1AA5D42E00CE68AB /* photos */ = {
			isa = PBXGroup;
			children = (
				0B32DC561AA5D41800CE68AB /* aleph.jpg */,
				0B32DC571AA5D41800CE68AB /* caue.jpg */,
				0B32DC581AA5D41800CE68AB /* eduardo.jpg */,
			);
			name = photos;
			sourceTree = "<group>";
		};
		61EB2C1D1AA43B1A00ED5A1D = {
			isa = PBXGroup;
			children = (
				8637DF4C1AA60650004920F7 /* CoreLocation.framework */,
				8637DF4A1AA60646004920F7 /* MapKit.framework */,
				61EB2C281AA43B1A00ED5A1D /* Rendezvous */,
				61EB2C421AA43B1A00ED5A1D /* RendezvousTests */,
				61EB2C271AA43B1A00ED5A1D /* Products */,
			);
			sourceTree = "<group>";
		};
		61EB2C271AA43B1A00ED5A1D /* Products */ = {
			isa = PBXGroup;
			children = (
				61EB2C261AA43B1A00ED5A1D /* Rendezvous.app */,
				61EB2C3F1AA43B1A00ED5A1D /* RendezvousTests.xctest */,
			);
			name = Products;
			sourceTree = "<group>";
		};
		61EB2C281AA43B1A00ED5A1D /* Rendezvous */ = {
			isa = PBXGroup;
			children = (
				61EB2C2D1AA43B1A00ED5A1D /* AppDelegate.h */,
				61EB2C2E1AA43B1A00ED5A1D /* AppDelegate.m */,
				0B32DC521AA5CD2100CE68AB /* View */,
				61EB2C331AA43B1A00ED5A1D /* Main.storyboard */,
				61EB2C361AA43B1A00ED5A1D /* Images.xcassets */,
				61EB2C381AA43B1A00ED5A1D /* LaunchScreen.xib */,
				0B32DC5C1AA5D42E00CE68AB /* photos */,
				61EB2C291AA43B1A00ED5A1D /* Supporting Files */,
			);
			path = Rendezvous;
			sourceTree = "<group>";
		};
		61EB2C291AA43B1A00ED5A1D /* Supporting Files */ = {
			isa = PBXGroup;
			children = (
				61EB2C2A1AA43B1A00ED5A1D /* Info.plist */,
				61EB2C2B1AA43B1A00ED5A1D /* main.m */,
			);
			name = "Supporting Files";
			sourceTree = "<group>";
		};
		61EB2C421AA43B1A00ED5A1D /* RendezvousTests */ = {
			isa = PBXGroup;
			children = (
				61EB2C451AA43B1A00ED5A1D /* RendezvousTests.m */,
				61EB2C431AA43B1A00ED5A1D /* Supporting Files */,
			);
			path = RendezvousTests;
			sourceTree = "<group>";
		};
		61EB2C431AA43B1A00ED5A1D /* Supporting Files */ = {
			isa = PBXGroup;
			children = (
				61EB2C441AA43B1A00ED5A1D /* Info.plist */,
			);
			name = "Supporting Files";
			sourceTree = "<group>";
		};
/* End PBXGroup section */

/* Begin PBXNativeTarget section */
		61EB2C251AA43B1A00ED5A1D /* Rendezvous */ = {
			isa = PBXNativeTarget;
			buildConfigurationList = 61EB2C491AA43B1A00ED5A1D /* Build configuration list for PBXNativeTarget "Rendezvous" */;
			buildPhases = (
				61EB2C221AA43B1A00ED5A1D /* Sources */,
				61EB2C231AA43B1A00ED5A1D /* Frameworks */,
				61EB2C241AA43B1A00ED5A1D /* Resources */,
			);
			buildRules = (
			);
			dependencies = (
			);
			name = Rendezvous;
			productName = Rendezvous;
			productReference = 61EB2C261AA43B1A00ED5A1D /* Rendezvous.app */;
			productType = "com.apple.product-type.application";
		};
		61EB2C3E1AA43B1A00ED5A1D /* RendezvousTests */ = {
			isa = PBXNativeTarget;
			buildConfigurationList = 61EB2C4C1AA43B1A00ED5A1D /* Build configuration list for PBXNativeTarget "RendezvousTests" */;
			buildPhases = (
				61EB2C3B1AA43B1A00ED5A1D /* Sources */,
				61EB2C3C1AA43B1A00ED5A1D /* Frameworks */,
				61EB2C3D1AA43B1A00ED5A1D /* Resources */,
			);
			buildRules = (
			);
			dependencies = (
				61EB2C411AA43B1A00ED5A1D /* PBXTargetDependency */,
			);
			name = RendezvousTests;
			productName = RendezvousTests;
			productReference = 61EB2C3F1AA43B1A00ED5A1D /* RendezvousTests.xctest */;
			productType = "com.apple.product-type.bundle.unit-test";
		};
/* End PBXNativeTarget section */

/* Begin PBXProject section */
		61EB2C1E1AA43B1A00ED5A1D /* Project object */ = {
			isa = PBXProject;
			attributes = {
				LastUpgradeCheck = 0610;
				ORGANIZATIONNAME = "Eduardo Quadros";
				TargetAttributes = {
					61EB2C251AA43B1A00ED5A1D = {
						CreatedOnToolsVersion = 6.1.1;
					};
					61EB2C3E1AA43B1A00ED5A1D = {
						CreatedOnToolsVersion = 6.1.1;
						TestTargetID = 61EB2C251AA43B1A00ED5A1D;
					};
				};
			};
			buildConfigurationList = 61EB2C211AA43B1A00ED5A1D /* Build configuration list for PBXProject "Rendezvous" */;
			compatibilityVersion = "Xcode 3.2";
			developmentRegion = English;
			hasScannedForEncodings = 0;
			knownRegions = (
				en,
				Base,
			);
			mainGroup = 61EB2C1D1AA43B1A00ED5A1D;
			productRefGroup = 61EB2C271AA43B1A00ED5A1D /* Products */;
			projectDirPath = "";
			projectRoot = "";
			targets = (
				61EB2C251AA43B1A00ED5A1D /* Rendezvous */,
				61EB2C3E1AA43B1A00ED5A1D /* RendezvousTests */,
			);
		};
/* End PBXProject section */

/* Begin PBXResourcesBuildPhase section */
		61EB2C241AA43B1A00ED5A1D /* Resources */ = {
			isa = PBXResourcesBuildPhase;
			buildActionMask = 2147483647;
			files = (
				61EB2C351AA43B1A00ED5A1D /* Main.storyboard in Resources */,
				0B32DC5A1AA5D41900CE68AB /* caue.jpg in Resources */,
				61EB2C3A1AA43B1A00ED5A1D /* LaunchScreen.xib in Resources */,
				0B32DC591AA5D41900CE68AB /* aleph.jpg in Resources */,
				0B32DC5B1AA5D41900CE68AB /* eduardo.jpg in Resources */,
				61EB2C371AA43B1A00ED5A1D /* Images.xcassets in Resources */,
			);
			runOnlyForDeploymentPostprocessing = 0;
		};
		61EB2C3D1AA43B1A00ED5A1D /* Resources */ = {
			isa = PBXResourcesBuildPhase;
			buildActionMask = 2147483647;
			files = (
			);
			runOnlyForDeploymentPostprocessing = 0;
		};
/* End PBXResourcesBuildPhase section */

/* Begin PBXSourcesBuildPhase section */
		61EB2C221AA43B1A00ED5A1D /* Sources */ = {
			isa = PBXSourcesBuildPhase;
			buildActionMask = 2147483647;
			files = (
				61EB2C2F1AA43B1A00ED5A1D /* AppDelegate.m in Sources */,
				0B32DC511AA5CD0800CE68AB /* UsersTableViewController.m in Sources */,
				61EB2C2C1AA43B1A00ED5A1D /* main.m in Sources */,
				0B32DC551AA5D2E900CE68AB /* ConfigurationViewController.m in Sources */,
			);
			runOnlyForDeploymentPostprocessing = 0;
		};
		61EB2C3B1AA43B1A00ED5A1D /* Sources */ = {
			isa = PBXSourcesBuildPhase;
			buildActionMask = 2147483647;
			files = (
				61EB2C461AA43B1A00ED5A1D /* RendezvousTests.m in Sources */,
			);
			runOnlyForDeploymentPostprocessing = 0;
		};
/* End PBXSourcesBuildPhase section */

/* Begin PBXTargetDependency section */
		61EB2C411AA43B1A00ED5A1D /* PBXTargetDependency */ = {
			isa = PBXTargetDependency;
			target = 61EB2C251AA43B1A00ED5A1D /* Rendezvous */;
			targetProxy = 61EB2C401AA43B1A00ED5A1D /* PBXContainerItemProxy */;
		};
/* End PBXTargetDependency section */

/* Begin PBXVariantGroup section */
		61EB2C331AA43B1A00ED5A1D /* Main.storyboard */ = {
			isa = PBXVariantGroup;
			children = (
				61EB2C341AA43B1A00ED5A1D /* Base */,
			);
			name = Main.storyboard;
			sourceTree = "<group>";
		};
		61EB2C381AA43B1A00ED5A1D /* LaunchScreen.xib */ = {
			isa = PBXVariantGroup;
			children = (
				61EB2C391AA43B1A00ED5A1D /* Base */,
			);
			name = LaunchScreen.xib;
			sourceTree = "<group>";
		};
/* End PBXVariantGroup section */

/* Begin XCBuildConfiguration section */
		61EB2C471AA43B1A00ED5A1D /* Debug */ = {
			isa = XCBuildConfiguration;
			buildSettings = {
				ALWAYS_SEARCH_USER_PATHS = NO;
				CLANG_CXX_LANGUAGE_STANDARD = "gnu++0x";
				CLANG_CXX_LIBRARY = "libc++";
				CLANG_ENABLE_MODULES = YES;
				CLANG_ENABLE_OBJC_ARC = YES;
				CLANG_WARN_BOOL_CONVERSION = YES;
				CLANG_WARN_CONSTANT_CONVERSION = YES;
				CLANG_WARN_DIRECT_OBJC_ISA_USAGE = YES_ERROR;
				CLANG_WARN_EMPTY_BODY = YES;
				CLANG_WARN_ENUM_CONVERSION = YES;
				CLANG_WARN_INT_CONVERSION = YES;
				CLANG_WARN_OBJC_ROOT_CLASS = YES_ERROR;
				CLANG_WARN_UNREACHABLE_CODE = YES;
				CLANG_WARN__DUPLICATE_METHOD_MATCH = YES;
				"CODE_SIGN_IDENTITY[sdk=iphoneos*]" = "iPhone Developer";
				COPY_PHASE_STRIP = NO;
				ENABLE_STRICT_OBJC_MSGSEND = YES;
				GCC_C_LANGUAGE_STANDARD = gnu99;
				GCC_DYNAMIC_NO_PIC = NO;
				GCC_OPTIMIZATION_LEVEL = 0;
				GCC_PREPROCESSOR_DEFINITIONS = (
					"DEBUG=1",
					"$(inherited)",
				);
				GCC_SYMBOLS_PRIVATE_EXTERN = NO;
				GCC_WARN_64_TO_32_BIT_CONVERSION = YES;
				GCC_WARN_ABOUT_RETURN_TYPE = YES_ERROR;
				GCC_WARN_UNDECLARED_SELECTOR = YES;
				GCC_WARN_UNINITIALIZED_AUTOS = YES_AGGRESSIVE;
				GCC_WARN_UNUSED_FUNCTION = YES;
				GCC_WARN_UNUSED_VARIABLE = YES;
				IPHONEOS_DEPLOYMENT_TARGET = 8.1;
				MTL_ENABLE_DEBUG_INFO = YES;
				ONLY_ACTIVE_ARCH = YES;
				SDKROOT = iphoneos;
			};
			name = Debug;
		};
		61EB2C481AA43B1A00ED5A1D /* Release */ = {
			isa = XCBuildConfiguration;
			buildSettings = {
				ALWAYS_SEARCH_USER_PATHS = NO;
				CLANG_CXX_LANGUAGE_STANDARD = "gnu++0x";
				CLANG_CXX_LIBRARY = "libc++";
				CLANG_ENABLE_MODULES = YES;
				CLANG_ENABLE_OBJC_ARC = YES;
				CLANG_WARN_BOOL_CONVERSION = YES;
				CLANG_WARN_CONSTANT_CONVERSION = YES;
				CLANG_WARN_DIRECT_OBJC_ISA_USAGE = YES_ERROR;
				CLANG_WARN_EMPTY_BODY = YES;
				CLANG_WARN_ENUM_CONVERSION = YES;
				CLANG_WARN_INT_CONVERSION = YES;
				CLANG_WARN_OBJC_ROOT_CLASS = YES_ERROR;
				CLANG_WARN_UNREACHABLE_CODE = YES;
				CLANG_WARN__DUPLICATE_METHOD_MATCH = YES;
				"CODE_SIGN_IDENTITY[sdk=iphoneos*]" = "iPhone Developer";
				COPY_PHASE_STRIP = YES;
				ENABLE_NS_ASSERTIONS = NO;
				ENABLE_STRICT_OBJC_MSGSEND = YES;
				GCC_C_LANGUAGE_STANDARD = gnu99;
				GCC_WARN_64_TO_32_BIT_CONVERSION = YES;
				GCC_WARN_ABOUT_RETURN_TYPE = YES_ERROR;
				GCC_WARN_UNDECLARED_SELECTOR = YES;
				GCC_WARN_UNINITIALIZED_AUTOS = YES_AGGRESSIVE;
				GCC_WARN_UNUSED_FUNCTION = YES;
				GCC_WARN_UNUSED_VARIABLE = YES;
				IPHONEOS_DEPLOYMENT_TARGET = 8.1;
				MTL_ENABLE_DEBUG_INFO = NO;
				SDKROOT = iphoneos;
				VALIDATE_PRODUCT = YES;
			};
			name = Release;
		};
		61EB2C4A1AA43B1A00ED5A1D /* Debug */ = {
			isa = XCBuildConfiguration;
			buildSettings = {
				ASSETCATALOG_COMPILER_APPICON_NAME = AppIcon;
				INFOPLIST_FILE = Rendezvous/Info.plist;
				LD_RUNPATH_SEARCH_PATHS = "$(inherited) @executable_path/Frameworks";
				PRODUCT_NAME = "$(TARGET_NAME)";
			};
			name = Debug;
		};
		61EB2C4B1AA43B1A00ED5A1D /* Release */ = {
			isa = XCBuildConfiguration;
			buildSettings = {
				ASSETCATALOG_COMPILER_APPICON_NAME = AppIcon;
				INFOPLIST_FILE = Rendezvous/Info.plist;
				LD_RUNPATH_SEARCH_PATHS = "$(inherited) @executable_path/Frameworks";
				PRODUCT_NAME = "$(TARGET_NAME)";
			};
			name = Release;
		};
		61EB2C4D1AA43B1A00ED5A1D /* Debug */ = {
			isa = XCBuildConfiguration;
			buildSettings = {
				BUNDLE_LOADER = "$(TEST_HOST)";
				FRAMEWORK_SEARCH_PATHS = (
					"$(SDKROOT)/Developer/Library/Frameworks",
					"$(inherited)",
				);
				GCC_PREPROCESSOR_DEFINITIONS = (
					"DEBUG=1",
					"$(inherited)",
				);
				INFOPLIST_FILE = RendezvousTests/Info.plist;
				LD_RUNPATH_SEARCH_PATHS = "$(inherited) @executable_path/Frameworks @loader_path/Frameworks";
				PRODUCT_NAME = "$(TARGET_NAME)";
				TEST_HOST = "$(BUILT_PRODUCTS_DIR)/Rendezvous.app/Rendezvous";
			};
			name = Debug;
		};
		61EB2C4E1AA43B1A00ED5A1D /* Release */ = {
			isa = XCBuildConfiguration;
			buildSettings = {
				BUNDLE_LOADER = "$(TEST_HOST)";
				FRAMEWORK_SEARCH_PATHS = (
					"$(SDKROOT)/Developer/Library/Frameworks",
					"$(inherited)",
				);
				INFOPLIST_FILE = RendezvousTests/Info.plist;
				LD_RUNPATH_SEARCH_PATHS = "$(inherited) @executable_path/Frameworks @loader_path/Frameworks";
				PRODUCT_NAME = "$(TARGET_NAME)";
				TEST_HOST = "$(BUILT_PRODUCTS_DIR)/Rendezvous.app/Rendezvous";
			};
			name = Release;
		};
/* End XCBuildConfiguration section */

/* Begin XCConfigurationList section */
		61EB2C211AA43B1A00ED5A1D /* Build configuration list for PBXProject "Rendezvous" */ = {
			isa = XCConfigurationList;
			buildConfigurations = (
				61EB2C471AA43B1A00ED5A1D /* Debug */,
				61EB2C481AA43B1A00ED5A1D /* Release */,
			);
			defaultConfigurationIsVisible = 0;
			defaultConfigurationName = Release;
		};
		61EB2C491AA43B1A00ED5A1D /* Build configuration list for PBXNativeTarget "Rendezvous" */ = {
			isa = XCConfigurationList;
			buildConfigurations = (
				61EB2C4A1AA43B1A00ED5A1D /* Debug */,
				61EB2C4B1AA43B1A00ED5A1D /* Release */,
			);
			defaultConfigurationIsVisible = 0;
			defaultConfigurationName = Release;
		};
		61EB2C4C1AA43B1A00ED5A1D /* Build configuration list for PBXNativeTarget "RendezvousTests" */ = {
			isa = XCConfigurationList;
			buildConfigurations = (
				61EB2C4D1AA43B1A00ED5A1D /* Debug */,
				61EB2C4E1AA43B1A00ED5A1D /* Release */,
			);
			defaultConfigurationIsVisible = 0;
			defaultConfigurationName = Release;
		};
/* End XCConfigurationList section */
	};
	rootObject = 61EB2C1E1AA43B1A00ED5A1D /* Project object */;
}
